// !$*UTF8*$!
{
	archiveVersion = 1;
	classes = {
	};
	objectVersion = 46;
	objects = {

/* Begin PBXBuildFile section */
		E1F8E9971F0273B9004E1223 /* AppDelegate.swift in Sources */ = {isa = PBXBuildFile; fileRef = E1F8E9961F0273B9004E1223 /* AppDelegate.swift */; };
		E1F8E9991F0273B9004E1223 /* ViewController.swift in Sources */ = {isa = PBXBuildFile; fileRef = E1F8E9981F0273B9004E1223 /* ViewController.swift */; };
		E1F8E99C1F0273B9004E1223 /* Main.storyboard in Resources */ = {isa = PBXBuildFile; fileRef = E1F8E99A1F0273B9004E1223 /* Main.storyboard */; };
		E1F8E99E1F0273B9004E1223 /* Assets.xcassets in Resources */ = {isa = PBXBuildFile; fileRef = E1F8E99D1F0273B9004E1223 /* Assets.xcassets */; };
		E1F8E9A11F0273B9004E1223 /* LaunchScreen.storyboard in Resources */ = {isa = PBXBuildFile; fileRef = E1F8E99F1F0273B9004E1223 /* LaunchScreen.storyboard */; };
/* End PBXBuildFile section */

/* Begin PBXFileReference section */
		E1F8E9931F0273B8004E1223 /* SizeClassesChallenge.app */ = {isa = PBXFileReference; explicitFileType = wrapper.application; includeInIndex = 0; path = SizeClassesChallenge.app; sourceTree = BUILT_PRODUCTS_DIR; };
		E1F8E9961F0273B9004E1223 /* AppDelegate.swift */ = {isa = PBXFileReference; lastKnownFileType = sourcecode.swift; path = AppDelegate.swift; sourceTree = "<group>"; };
		E1F8E9981F0273B9004E1223 /* ViewController.swift */ = {isa = PBXFileReference; lastKnownFileType = sourcecode.swift; path = ViewController.swift; sourceTree = "<group>"; };
		E1F8E99B1F0273B9004E1223 /* Base */ = {isa = PBXFileReference; lastKnownFileType = file.storyboard; name = Base; path = Base.lproj/Main.storyboard; sourceTree = "<group>"; };
		E1F8E99D1F0273B9004E1223 /* Assets.xcassets */ = {isa = PBXFileReference; lastKnownFileType = folder.assetcatalog; path = Assets.xcassets; sourceTree = "<group>"; };
		E1F8E9A01F0273B9004E1223 /* Base */ = {isa = PBXFileReference; lastKnownFileType = file.storyboard; name = Base; path = Base.lproj/LaunchScreen.storyboard; sourceTree = "<group>"; };
		E1F8E9A21F0273B9004E1223 /* Info.plist */ = {isa = PBXFileReference; lastKnownFileType = text.plist.xml; path = Info.plist; sourceTree = "<group>"; };
/* End PBXFileReference section */

/* Begin PBXFrameworksBuildPhase section */
		E1F8E9901F0273B8004E1223 /* Frameworks */ = {
			isa = PBXFrameworksBuildPhase;
			buildActionMask = 2147483647;
			files = (
			);
			runOnlyForDeploymentPostprocessing = 0;
		};
/* End PBXFrameworksBuildPhase section */

/* Begin PBXGroup section */
		E1F8E98A1F0273B8004E1223 = {
			isa = PBXGroup;
			children = (
				E1F8E9951F0273B9004E1223 /* SizeClassesChallenge */,
				E1F8E9941F0273B9004E1223 /* Products */,
			);
			sourceTree = "<group>";
		};
		E1F8E9941F0273B9004E1223 /* Products */ = {
			isa = PBXGroup;
			children = (
				E1F8E9931F0273B8004E1223 /* SizeClassesChallenge.app */,
			);
			name = Products;
			sourceTree = "<group>";
		};
		E1F8E9951F0273B9004E1223 /* SizeClassesChallenge */ = {
			isa = PBXGroup;
			children = (
				E1F8E9961F0273B9004E1223 /* AppDelegate.swift */,
				E1F8E9981F0273B9004E1223 /* ViewController.swift */,
				E1F8E99A1F0273B9004E1223 /* Main.storyboard */,
				E1F8E99D1F0273B9004E1223 /* Assets.xcassets */,
				E1F8E99F1F0273B9004E1223 /* LaunchScreen.storyboard */,
				E1F8E9A21F0273B9004E1223 /* Info.plist */,
			);
			path = SizeClassesChallenge;
			sourceTree = "<group>";
		};
/* End PBXGroup section */

/* Begin PBXNativeTarget section */
		E1F8E9921F0273B8004E1223 /* SizeClassesChallenge */ = {
			isa = PBXNativeTarget;
			buildConfigurationList = E1F8E9A51F0273B9004E1223 /* Build configuration list for PBXNativeTarget "SizeClassesChallenge" */;
			buildPhases = (
				E1F8E98F1F0273B8004E1223 /* Sources */,
				E1F8E9901F0273B8004E1223 /* Frameworks */,
				E1F8E9911F0273B8004E1223 /* Resources */,
			);
			buildRules = (
			);
			dependencies = (
			);
			name = SizeClassesChallenge;
			productName = SizeClassesChallenge;
			productReference = E1F8E9931F0273B8004E1223 /* SizeClassesChallenge.app */;
			productType = "com.apple.product-type.application";
		};
/* End PBXNativeTarget section */

/* Begin PBXProject section */
		E1F8E98B1F0273B8004E1223 /* Project object */ = {
			isa = PBXProject;
			attributes = {
				LastSwiftUpdateCheck = 0830;
				LastUpgradeCheck = 0830;
				ORGANIZATIONNAME = "Dennis Vera";
				TargetAttributes = {
					E1F8E9921F0273B8004E1223 = {
						CreatedOnToolsVersion = 8.3.1;
						DevelopmentTeam = K24N6NL7FA;
						ProvisioningStyle = Automatic;
					};
				};
			};
			buildConfigurationList = E1F8E98E1F0273B8004E1223 /* Build configuration list for PBXProject "SizeClassesChallenge" */;
			compatibilityVersion = "Xcode 3.2";
			developmentRegion = English;
			hasScannedForEncodings = 0;
			knownRegions = (
				en,
				Base,
			);
			mainGroup = E1F8E98A1F0273B8004E1223;
			productRefGroup = E1F8E9941F0273B9004E1223 /* Products */;
			projectDirPath = "";
			projectRoot = "";
			targets = (
				E1F8E9921F0273B8004E1223 /* SizeClassesChallenge */,
			);
		};
/* End PBXProject section */

/* Begin PBXResourcesBuildPhase section */
		E1F8E9911F0273B8004E1223 /* Resources */ = {
			isa = PBXResourcesBuildPhase;
			buildActionMask = 2147483647;
			files = (
				E1F8E9A11F0273B9004E1223 /* LaunchScreen.storyboard in Resources */,
				E1F8E99E1F0273B9004E1223 /* Assets.xcassets in Resources */,
				E1F8E99C1F0273B9004E1223 /* Main.storyboard in Resources */,
			);
			runOnlyForDeploymentPostprocessing = 0;
		};
/* End PBXResourcesBuildPhase section */

/* Begin PBXSourcesBuildPhase section */
		E1F8E98F1F0273B8004E1223 /* Sources */ = {
			isa = PBXSourcesBuildPhase;
			buildActionMask = 2147483647;
			files = (
				E1F8E9991F0273B9004E1223 /* ViewController.swift in Sources */,
				E1F8E9971F0273B9004E1223 /* AppDelegate.swift in Sources */,
			);
			runOnlyForDeploymentPostprocessing = 0;
		};
/* End PBXSourcesBuildPhase section */

/* Begin PBXVariantGroup section */
		E1F8E99A1F0273B9004E1223 /* Main.storyboard */ = {
			isa = PBXVariantGroup;
			children = (
				E1F8E99B1F0273B9004E1223 /* Base */,
			);
			name = Main.storyboard;
			sourceTree = "<group>";
		};
		E1F8E99F1F0273B9004E1223 /* LaunchScreen.storyboard */ = {
			isa = PBXVariantGroup;
			children = (
				E1F8E9A01F0273B9004E1223 /* Base */,
			);
			name = LaunchScreen.storyboard;
			sourceTree = "<group>";
		};
/* End PBXVariantGroup section */

/* Begin XCBuildConfiguration section */
		E1F8E9A31F0273B9004E1223 /* Debug */ = {
			isa = XCBuildConfiguration;
			buildSettings = {
				ALWAYS_SEARCH_USER_PATHS = NO;
				CLANG_ANALYZER_NONNULL = YES;
				CLANG_ANALYZER_NUMBER_OBJECT_CONVERSION = YES_AGGRESSIVE;
				CLANG_CXX_LANGUAGE_STANDARD = "gnu++0x";
				CLANG_CXX_LIBRARY = "libc++";
				CLANG_ENABLE_MODULES = YES;
				CLANG_ENABLE_OBJC_ARC = YES;
				CLANG_WARN_BOOL_CONVERSION = YES;
				CLANG_WARN_CONSTANT_CONVERSION = YES;
				CLANG_WARN_DIRECT_OBJC_ISA_USAGE = YES_ERROR;
				CLANG_WARN_DOCUMENTATION_COMMENTS = YES;
				CLANG_WARN_EMPTY_BODY = YES;
				CLANG_WARN_ENUM_CONVERSION = YES;
				CLANG_WARN_INFINITE_RECURSION = YES;
				CLANG_WARN_INT_CONVERSION = YES;
				CLANG_WARN_OBJC_ROOT_CLASS = YES_ERROR;
				CLANG_WARN_SUSPICIOUS_MOVE = YES;
				CLANG_WARN_UNREACHABLE_CODE = YES;
				CLANG_WARN__DUPLICATE_METHOD_MATCH = YES;
				"CODE_SIGN_IDENTITY[sdk=iphoneos*]" = "iPhone Developer";
				COPY_PHASE_STRIP = NO;
				DEBUG_INFORMATION_FORMAT = dwarf;
				ENABLE_STRICT_OBJC_MSGSEND = YES;
				ENABLE_TESTABILITY = YES;
				GCC_C_LANGUAGE_STANDARD = gnu99;
				GCC_DYNAMIC_NO_PIC = NO;
				GCC_NO_COMMON_BLOCKS = YES;
				GCC_OPTIMIZATION_LEVEL = 0;
				GCC_PREPROCESSOR_DEFINITIONS = (
					"DEBUG=1",
					"$(inherited)",
				);
				GCC_WARN_64_TO_32_BIT_CONVERSION = YES;
				GCC_WARN_ABOUT_RETURN_TYPE = YES_ERROR;
				GCC_WARN_UNDECLARED_SELECTOR = YES;
				GCC_WARN_UNINITIALIZED_AUTOS = YES_AGGRESSIVE;
				GCC_WARN_UNUSED_FUNCTION = YES;
				GCC_WARN_UNUSED_VARIABLE = YES;
				IPHONEOS_DEPLOYMENT_TARGET = 10.3;
				MTL_ENABLE_DEBUG_INFO = YES;
				ONLY_ACTIVE_ARCH = YES;
				SDKROOT = iphoneos;
				SWIFT_ACTIVE_COMPILATION_CONDITIONS = DEBUG;
				SWIFT_OPTIMIZATION_LEVEL = "-Onone";
			};
			name = Debug;
		};
		E1F8E9A41F0273B9004E1223 /* Release */ = {
			isa = XCBuildConfiguration;
			buildSettings = {
				ALWAYS_SEARCH_USER_PATHS = NO;
				CLANG_ANALYZER_NONNULL = YES;
				CLANG_ANALYZER_NUMBER_OBJECT_CONVERSION = YES_AGGRESSIVE;
				CLANG_CXX_LANGUAGE_STANDARD = "gnu++0x";
				CLANG_CXX_LIBRARY = "libc++";
				CLANG_ENABLE_MODULES = YES;
				CLANG_ENABLE_OBJC_ARC = YES;
				CLANG_WARN_BOOL_CONVERSION = YES;
				CLANG_WARN_CONSTANT_CONVERSION = YES;
				CLANG_WARN_DIRECT_OBJC_ISA_USAGE = YES_ERROR;
				CLANG_WARN_DOCUMENTATION_COMMENTS = YES;
				CLANG_WARN_EMPTY_BODY = YES;
				CLANG_WARN_ENUM_CONVERSION = YES;
				CLANG_WARN_INFINITE_RECURSION = YES;
				CLANG_WARN_INT_CONVERSION = YES;
				CLANG_WARN_OBJC_ROOT_CLASS = YES_ERROR;
				CLANG_WARN_SUSPICIOUS_MOVE = YES;
				CLANG_WARN_UNREACHABLE_CODE = YES;
				CLANG_WARN__DUPLICATE_METHOD_MATCH = YES;
				"CODE_SIGN_IDENTITY[sdk=iphoneos*]" = "iPhone Developer";
				COPY_PHASE_STRIP = NO;
				DEBUG_INFORMATION_FORMAT = "dwarf-with-dsym";
				ENABLE_NS_ASSERTIONS = NO;
				ENABLE_STRICT_OBJC_MSGSEND = YES;
				GCC_C_LANGUAGE_STANDARD = gnu99;
				GCC_NO_COMMON_BLOCKS = YES;
				GCC_WARN_64_TO_32_BIT_CONVERSION = YES;
				GCC_WARN_ABOUT_RETURN_TYPE = YES_ERROR;
				GCC_WARN_UNDECLARED_SELECTOR = YES;
				GCC_WARN_UNINITIALIZED_AUTOS = YES_AGGRESSIVE;
				GCC_WARN_UNUSED_FUNCTION = YES;
				GCC_WARN_UNUSED_VARIABLE = YES;
				IPHONEOS_DEPLOYMENT_TARGET = 10.3;
				MTL_ENABLE_DEBUG_INFO = NO;
				SDKROOT = iphoneos;
				SWIFT_OPTIMIZATION_LEVEL = "-Owholemodule";
				VALIDATE_PRODUCT = YES;
			};
			name = Release;
		};
		E1F8E9A61F0273B9004E1223 /* Debug */ = {
			isa = XCBuildConfiguration;
			buildSettings = {
				ASSETCATALOG_COMPILER_APPICON_NAME = AppIcon;
				DEVELOPMENT_TEAM = K24N6NL7FA;
				INFOPLIST_FILE = SizeClassesChallenge/Info.plist;
				LD_RUNPATH_SEARCH_PATHS = "$(inherited) @executable_path/Frameworks";
				PRODUCT_BUNDLE_IDENTIFIER = dennisv.SizeClassesChallenge;
				PRODUCT_NAME = "$(TARGET_NAME)";
				SWIFT_VERSION = 3.0;
			};
			name = Debug;
		};
		E1F8E9A71F0273B9004E1223 /* Release */ = {
			isa = XCBuildConfiguration;
			buildSettings = {
				ASSETCATALOG_COMPILER_APPICON_NAME = AppIcon;
				DEVELOPMENT_TEAM = K24N6NL7FA;
				INFOPLIST_FILE = SizeClassesChallenge/Info.plist;
				LD_RUNPATH_SEARCH_PATHS = "$(inherited) @executable_path/Frameworks";
				PRODUCT_BUNDLE_IDENTIFIER = dennisv.SizeClassesChallenge;
				PRODUCT_NAME = "$(TARGET_NAME)";
				SWIFT_VERSION = 3.0;
			};
			name = Release;
		};
/* End XCBuildConfiguration section */

/* Begin XCConfigurationList section */
		E1F8E98E1F0273B8004E1223 /* Build configuration list for PBXProject "SizeClassesChallenge" */ = {
			isa = XCConfigurationList;
			buildConfigurations = (
				E1F8E9A31F0273B9004E1223 /* Debug */,
				E1F8E9A41F0273B9004E1223 /* Release */,
			);
			defaultConfigurationIsVisible = 0;
			defaultConfigurationName = Release;
		};
		E1F8E9A51F0273B9004E1223 /* Build configuration list for PBXNativeTarget "SizeClassesChallenge" */ = {
			isa = XCConfigurationList;
			buildConfigurations = (
				E1F8E9A61F0273B9004E1223 /* Debug */,
				E1F8E9A71F0273B9004E1223 /* Release */,
			);
			defaultConfigurationIsVisible = 0;
		};
/* End XCConfigurationList section */
	};
	rootObject = E1F8E98B1F0273B8004E1223 /* Project object */;
}
